
Microsoft Visual Studio Solution File, Format Version 12.00
# Visual Studio Version 16
VisualStudioVersion = 16.0.30011.22
MinimumVisualStudioVersion = 10.0.40219.1
Project("{8BC9CEB8-8B4A-11D0-8D11-00A0C91BC942}") = "UdooTest", "UdooTest\UdooTest.vcxproj", "{A5B89EED-BE3C-40B6-B582-B5427E38E23E}"
EndProject
Global
	GlobalSection(SolutionConfigurationPlatforms) = preSolution
		Debug|ARM = Debug|ARM
		Debug|ARM64 = Debug|ARM64
		Debug|x64 = Debug|x64
		Debug|x86 = Debug|x86
		Release|ARM = Release|ARM
		Release|ARM64 = Release|ARM64
		Release|x64 = Release|x64
		Release|x86 = Release|x86
	EndGlobalSection
	GlobalSection(ProjectConfigurationPlatforms) = postSolution
		{A5B89EED-BE3C-40B6-B582-B5427E38E23E}.Debug|ARM.ActiveCfg = Debug|ARM
		{A5B89EED-BE3C-40B6-B582-B5427E38E23E}.Debug|ARM.Build.0 = Debug|ARM
		{A5B89EED-BE3C-40B6-B582-B5427E38E23E}.Debug|ARM.Deploy.0 = Debug|ARM
		{A5B89EED-BE3C-40B6-B582-B5427E38E23E}.Debug|ARM64.ActiveCfg = Debug|ARM64
		{A5B89EED-BE3C-40B6-B582-B5427E38E23E}.Debug|ARM64.Build.0 = Debug|ARM64
		{A5B89EED-BE3C-40B6-B582-B5427E38E23E}.Debug|ARM64.Deploy.0 = Debug|ARM64
		{A5B89EED-BE3C-40B6-B582-B5427E38E23E}.Debug|x64.ActiveCfg = Debug|x64
		{A5B89EED-BE3C-40B6-B582-B5427E38E23E}.Debug|x64.Build.0 = Debug|x64
		{A5B89EED-BE3C-40B6-B582-B5427E38E23E}.Debug|x64.Deploy.0 = Debug|x64
		{A5B89EED-BE3C-40B6-B582-B5427E38E23E}.Debug|x86.ActiveCfg = Debug|x86
		{A5B89EED-BE3C-40B6-B582-B5427E38E23E}.Debug|x86.Build.0 = Debug|x86
		{A5B89EED-BE3C-40B6-B582-B5427E38E23E}.Debug|x86.Deploy.0 = Debug|x86
		{A5B89EED-BE3C-40B6-B582-B5427E38E23E}.Release|ARM.ActiveCfg = Release|ARM
		{A5B89EED-BE3C-40B6-B582-B5427E38E23E}.Release|ARM.Build.0 = Release|ARM
		{A5B89EED-BE3C-40B6-B582-B5427E38E23E}.Release|ARM.Deploy.0 = Release|ARM
		{A5B89EED-BE3C-40B6-B582-B5427E38E23E}.Release|ARM64.ActiveCfg = Release|ARM64
		{A5B89EED-BE3C-40B6-B582-B5427E38E23E}.Release|ARM64.Build.0 = Release|ARM64
		{A5B89EED-BE3C-40B6-B582-B5427E38E23E}.Release|ARM64.Deploy.0 = Release|ARM64
		{A5B89EED-BE3C-40B6-B582-B5427E38E23E}.Release|x64.ActiveCfg = Release|x64
		{A5B89EED-BE3C-40B6-B582-B5427E38E23E}.Release|x64.Build.0 = Release|x64
		{A5B89EED-BE3C-40B6-B582-B5427E38E23E}.Release|x64.Deploy.0 = Release|x64
		{A5B89EED-BE3C-40B6-B582-B5427E38E23E}.Release|x86.ActiveCfg = Release|x86
		{A5B89EED-BE3C-40B6-B582-B5427E38E23E}.Release|x86.Build.0 = Release|x86
		{A5B89EED-BE3C-40B6-B582-B5427E38E23E}.Release|x86.Deploy.0 = Release|x86
	EndGlobalSection
	GlobalSection(SolutionProperties) = preSolution
		HideSolutionNode = FALSE
	EndGlobalSection
	GlobalSection(ExtensibilityGlobals) = postSolution
		SolutionGuid = {5D6D39E2-3AF7-4068-8B23-9621554A1BAF}
	EndGlobalSection
EndGlobal
